
Microsoft Visual Studio Solution File, Format Version 12.00
# Visual Studio Version 16
VisualStudioVersion = 16.0.31321.278
MinimumVisualStudioVersion = 10.0.40219.1
Project("{FAE04EC0-301F-11D3-BF4B-00C04F79EFBC}") = "Science Game!", "Science Game!\Science Game!.csproj", "{A329987B-798F-4778-8019-E6DA875B4E75}"
EndProject
Global
	GlobalSection(SolutionConfigurationPlatforms) = preSolution
		Debug|Any CPU = Debug|Any CPU
		Release|Any CPU = Release|Any CPU
	EndGlobalSection
	GlobalSection(ProjectConfigurationPlatforms) = postSolution
		{A329987B-798F-4778-8019-E6DA875B4E75}.Debug|Any CPU.ActiveCfg = Debug|Any CPU
		{A329987B-798F-4778-8019-E6DA875B4E75}.Debug|Any CPU.Build.0 = Debug|Any CPU
		{A329987B-798F-4778-8019-E6DA875B4E75}.Release|Any CPU.ActiveCfg = Release|Any CPU
		{A329987B-798F-4778-8019-E6DA875B4E75}.Release|Any CPU.Build.0 = Release|Any CPU
	EndGlobalSection
	GlobalSection(SolutionProperties) = preSolution
		HideSolutionNode = FALSE
	EndGlobalSection
	GlobalSection(ExtensibilityGlobals) = postSolution
		SolutionGuid = {F0A5EA8C-21D4-4C75-80A6-8B417F94D29F}
	EndGlobalSection
EndGlobal
